
Microsoft Visual Studio Solution File, Format Version 12.00
# Visual Studio Version 16
VisualStudioVersion = 16.0.808.4
MinimumVisualStudioVersion = 10.0.40219.1
Project("{FAE04EC0-301F-11D3-BF4B-00C04F79EFBC}") = "Goals", "Goals.csproj", "{A082E341-501D-4D9A-8B55-DD665E20219C}"
EndProject
Global
	GlobalSection(SolutionConfigurationPlatforms) = preSolution
		Debug|Any CPU = Debug|Any CPU
		Release|Any CPU = Release|Any CPU
	EndGlobalSection
	GlobalSection(ProjectConfigurationPlatforms) = postSolution
		{A082E341-501D-4D9A-8B55-DD665E20219C}.Debug|Any CPU.ActiveCfg = Debug|Any CPU
		{A082E341-501D-4D9A-8B55-DD665E20219C}.Debug|Any CPU.Build.0 = Debug|Any CPU
		{A082E341-501D-4D9A-8B55-DD665E20219C}.Release|Any CPU.ActiveCfg = Release|Any CPU
		{A082E341-501D-4D9A-8B55-DD665E20219C}.Release|Any CPU.Build.0 = Release|Any CPU
	EndGlobalSection
	GlobalSection(SolutionProperties) = preSolution
		HideSolutionNode = FALSE
	EndGlobalSection
	GlobalSection(ExtensibilityGlobals) = postSolution
		SolutionGuid = {B24BAFF5-5655-4B44-B3DA-7E70391A1AC2}
	EndGlobalSection
EndGlobal
