
Microsoft Visual Studio Solution File, Format Version 12.00
# Visual Studio 15
VisualStudioVersion = 15.0.26124.0
MinimumVisualStudioVersion = 15.0.26124.0
Project("{2150E333-8FDC-42A3-9474-1A3956D46DE8}") = "Lambdas", "Lambdas", "{151A25F7-DA78-4397-AB0B-2EDFCF405918}"
EndProject
Project("{FAE04EC0-301F-11D3-BF4B-00C04F79EFBC}") = "Authentication", "lambdas\Authentication\Authentication.csproj", "{C5FBC9AC-46B7-4A46-92A4-BA1F4D2E2E28}"
EndProject
Project("{FAE04EC0-301F-11D3-BF4B-00C04F79EFBC}") = "Infrastructure", "infrastructure\Infrastructure.csproj", "{4D48EDA5-987B-4DCE-A435-223DB9A5E16F}"
EndProject
Project("{FAE04EC0-301F-11D3-BF4B-00C04F79EFBC}") = "Common", "lambdas\Common\Common.csproj", "{75301981-A1AE-4BF1-BFA4-DE4E328D8DEC}"
EndProject
Project("{FAE04EC0-301F-11D3-BF4B-00C04F79EFBC}") = "Goals", "lambdas\Goals\Goals.csproj", "{33BEDBF8-3E01-41B0-ACFE-4FA8920EADE8}"
EndProject
Global
	GlobalSection(SolutionConfigurationPlatforms) = preSolution
		Debug|Any CPU = Debug|Any CPU
		Debug|x64 = Debug|x64
		Debug|x86 = Debug|x86
		Release|Any CPU = Release|Any CPU
		Release|x64 = Release|x64
		Release|x86 = Release|x86
	EndGlobalSection
	GlobalSection(SolutionProperties) = preSolution
		HideSolutionNode = FALSE
	EndGlobalSection
	GlobalSection(ProjectConfigurationPlatforms) = postSolution
		{C5FBC9AC-46B7-4A46-92A4-BA1F4D2E2E28}.Debug|Any CPU.ActiveCfg = Debug|Any CPU
		{C5FBC9AC-46B7-4A46-92A4-BA1F4D2E2E28}.Debug|Any CPU.Build.0 = Debug|Any CPU
		{C5FBC9AC-46B7-4A46-92A4-BA1F4D2E2E28}.Debug|x64.ActiveCfg = Debug|Any CPU
		{C5FBC9AC-46B7-4A46-92A4-BA1F4D2E2E28}.Debug|x64.Build.0 = Debug|Any CPU
		{C5FBC9AC-46B7-4A46-92A4-BA1F4D2E2E28}.Debug|x86.ActiveCfg = Debug|Any CPU
		{C5FBC9AC-46B7-4A46-92A4-BA1F4D2E2E28}.Debug|x86.Build.0 = Debug|Any CPU
		{C5FBC9AC-46B7-4A46-92A4-BA1F4D2E2E28}.Release|Any CPU.ActiveCfg = Release|Any CPU
		{C5FBC9AC-46B7-4A46-92A4-BA1F4D2E2E28}.Release|Any CPU.Build.0 = Release|Any CPU
		{C5FBC9AC-46B7-4A46-92A4-BA1F4D2E2E28}.Release|x64.ActiveCfg = Release|Any CPU
		{C5FBC9AC-46B7-4A46-92A4-BA1F4D2E2E28}.Release|x64.Build.0 = Release|Any CPU
		{C5FBC9AC-46B7-4A46-92A4-BA1F4D2E2E28}.Release|x86.ActiveCfg = Release|Any CPU
		{C5FBC9AC-46B7-4A46-92A4-BA1F4D2E2E28}.Release|x86.Build.0 = Release|Any CPU
		{4D48EDA5-987B-4DCE-A435-223DB9A5E16F}.Debug|Any CPU.ActiveCfg = Debug|Any CPU
		{4D48EDA5-987B-4DCE-A435-223DB9A5E16F}.Debug|Any CPU.Build.0 = Debug|Any CPU
		{4D48EDA5-987B-4DCE-A435-223DB9A5E16F}.Debug|x64.ActiveCfg = Debug|Any CPU
		{4D48EDA5-987B-4DCE-A435-223DB9A5E16F}.Debug|x64.Build.0 = Debug|Any CPU
		{4D48EDA5-987B-4DCE-A435-223DB9A5E16F}.Debug|x86.ActiveCfg = Debug|Any CPU
		{4D48EDA5-987B-4DCE-A435-223DB9A5E16F}.Debug|x86.Build.0 = Debug|Any CPU
		{4D48EDA5-987B-4DCE-A435-223DB9A5E16F}.Release|Any CPU.ActiveCfg = Release|Any CPU
		{4D48EDA5-987B-4DCE-A435-223DB9A5E16F}.Release|Any CPU.Build.0 = Release|Any CPU
		{4D48EDA5-987B-4DCE-A435-223DB9A5E16F}.Release|x64.ActiveCfg = Release|Any CPU
		{4D48EDA5-987B-4DCE-A435-223DB9A5E16F}.Release|x64.Build.0 = Release|Any CPU
		{4D48EDA5-987B-4DCE-A435-223DB9A5E16F}.Release|x86.ActiveCfg = Release|Any CPU
		{4D48EDA5-987B-4DCE-A435-223DB9A5E16F}.Release|x86.Build.0 = Release|Any CPU
		{75301981-A1AE-4BF1-BFA4-DE4E328D8DEC}.Debug|Any CPU.ActiveCfg = Debug|Any CPU
		{75301981-A1AE-4BF1-BFA4-DE4E328D8DEC}.Debug|Any CPU.Build.0 = Debug|Any CPU
		{75301981-A1AE-4BF1-BFA4-DE4E328D8DEC}.Debug|x64.ActiveCfg = Debug|Any CPU
		{75301981-A1AE-4BF1-BFA4-DE4E328D8DEC}.Debug|x64.Build.0 = Debug|Any CPU
		{75301981-A1AE-4BF1-BFA4-DE4E328D8DEC}.Debug|x86.ActiveCfg = Debug|Any CPU
		{75301981-A1AE-4BF1-BFA4-DE4E328D8DEC}.Debug|x86.Build.0 = Debug|Any CPU
		{75301981-A1AE-4BF1-BFA4-DE4E328D8DEC}.Release|Any CPU.ActiveCfg = Release|Any CPU
		{75301981-A1AE-4BF1-BFA4-DE4E328D8DEC}.Release|Any CPU.Build.0 = Release|Any CPU
		{75301981-A1AE-4BF1-BFA4-DE4E328D8DEC}.Release|x64.ActiveCfg = Release|Any CPU
		{75301981-A1AE-4BF1-BFA4-DE4E328D8DEC}.Release|x64.Build.0 = Release|Any CPU
		{75301981-A1AE-4BF1-BFA4-DE4E328D8DEC}.Release|x86.ActiveCfg = Release|Any CPU
		{75301981-A1AE-4BF1-BFA4-DE4E328D8DEC}.Release|x86.Build.0 = Release|Any CPU
		{33BEDBF8-3E01-41B0-ACFE-4FA8920EADE8}.Debug|Any CPU.ActiveCfg = Debug|Any CPU
		{33BEDBF8-3E01-41B0-ACFE-4FA8920EADE8}.Debug|Any CPU.Build.0 = Debug|Any CPU
		{33BEDBF8-3E01-41B0-ACFE-4FA8920EADE8}.Debug|x64.ActiveCfg = Debug|Any CPU
		{33BEDBF8-3E01-41B0-ACFE-4FA8920EADE8}.Debug|x64.Build.0 = Debug|Any CPU
		{33BEDBF8-3E01-41B0-ACFE-4FA8920EADE8}.Debug|x86.ActiveCfg = Debug|Any CPU
		{33BEDBF8-3E01-41B0-ACFE-4FA8920EADE8}.Debug|x86.Build.0 = Debug|Any CPU
		{33BEDBF8-3E01-41B0-ACFE-4FA8920EADE8}.Release|Any CPU.ActiveCfg = Release|Any CPU
		{33BEDBF8-3E01-41B0-ACFE-4FA8920EADE8}.Release|Any CPU.Build.0 = Release|Any CPU
		{33BEDBF8-3E01-41B0-ACFE-4FA8920EADE8}.Release|x64.ActiveCfg = Release|Any CPU
		{33BEDBF8-3E01-41B0-ACFE-4FA8920EADE8}.Release|x64.Build.0 = Release|Any CPU
		{33BEDBF8-3E01-41B0-ACFE-4FA8920EADE8}.Release|x86.ActiveCfg = Release|Any CPU
		{33BEDBF8-3E01-41B0-ACFE-4FA8920EADE8}.Release|x86.Build.0 = Release|Any CPU
	EndGlobalSection
	GlobalSection(NestedProjects) = preSolution
		{C5FBC9AC-46B7-4A46-92A4-BA1F4D2E2E28} = {151A25F7-DA78-4397-AB0B-2EDFCF405918}
		{75301981-A1AE-4BF1-BFA4-DE4E328D8DEC} = {151A25F7-DA78-4397-AB0B-2EDFCF405918}
		{33BEDBF8-3E01-41B0-ACFE-4FA8920EADE8} = {151A25F7-DA78-4397-AB0B-2EDFCF405918}
	EndGlobalSection
EndGlobal
